<?xml version="1.0" encoding="utf-8"?>
<Project ToolsVersion="4.0" xmlns="http://schemas.microsoft.com/developer/msbuild/2003">
  <ItemGroup>
    <Filter Include="Resource Files">
      <UniqueIdentifier>{67DA6AB6-F800-4c08-8B7A-83BB121AAD01}</UniqueIdentifier>
      <Extensions>rc;ico;cur;bmp;dlg;rc2;rct;bin;rgs;gif;jpg;jpeg;jpe;resx;tiff;tif;png;wav;mfcribbon-ms</Extensions>
    </Filter>
    <Filter Include="Source">
      <UniqueIdentifier>{4FC737F1-C7A5-4376-A066-2A32D752A2FF}</UniqueIdentifier>
      <Extensions>cpp;cc;c;hpp;hh;h</Extensions>
    </Filter>
    <Filter Include="Source\Engine">
      <UniqueIdentifier>{c0d7ee8a-0bbc-418e-9b6d-ccbce8aa2433}</UniqueIdentifier>
    </Filter>
    <Filter Include="Source\Game">
      <UniqueIdentifier>{88540ade-fd49-4595-bf9b-ec5fb9d58bf0}</UniqueIdentifier>
    </Filter>
    <Filter Include="Source\Misc">
      <UniqueIdentifier>{4cb048d9-4362-442b-9e73-8c7b7b51c997}</UniqueIdentifier>
    </Filter>
    <Filter Include="Resource Files\shaders">
      <UniqueIdentifier>{69b87015-a20b-46ec-9bf0-a94ca546ba4a}</UniqueIdentifier>
    </Filter>
  </ItemGroup>
  <ItemGroup>
    <ClInclude Include="Engine.h">
      <Filter>Source\Engine</Filter>
    </ClInclude>
    <ClInclude Include="helpers.h">
      <Filter>Source\Engine</Filter>
    </ClInclude>
    <ClInclude Include="Node.h">
      <Filter>Source\Engine</Filter>
    </ClInclude>
    <ClInclude Include="ShaderManager.h">
      <Filter>Source\Engine</Filter>
    </ClInclude>
    <ClInclude Include="Sprite.h">
      <Filter>Source\Engine</Filter>
    </ClInclude>
    <ClInclude Include="World.h">
      <Filter>Source\Engine</Filter>
    </ClInclude>
    <ClInclude Include="GameWorld.h">
      <Filter>Source\Game</Filter>
    </ClInclude>
    <ClInclude Include="Player.h">
      <Filter>Source\Game</Filter>
    </ClInclude>
    <ClInclude Include="stdafx.h">
      <Filter>Source\Misc</Filter>
    </ClInclude>
    <ClInclude Include="targetver.h">
      <Filter>Source\Misc</Filter>
    </ClInclude>
    <ClInclude Include="AnimatedSprite.h">
      <Filter>Source\Engine</Filter>
    </ClInclude>
    <ClInclude Include="ResourceManager.h">
      <Filter>Source\Engine</Filter>
    </ClInclude>
    <ClInclude Include="FPSCounter.h">
      <Filter>Source\Engine</Filter>
    </ClInclude>
  </ItemGroup>
  <ItemGroup>
    <ClCompile Include="Engine.cpp">
      <Filter>Source\Engine</Filter>
    </ClCompile>
    <ClCompile Include="Node.cpp">
      <Filter>Source\Engine</Filter>
    </ClCompile>
    <ClCompile Include="ShaderManager.cpp">
      <Filter>Source\Engine</Filter>
    </ClCompile>
    <ClCompile Include="Sprite.cpp">
      <Filter>Source\Engine</Filter>
    </ClCompile>
    <ClCompile Include="World.cpp">
      <Filter>Source\Engine</Filter>
    </ClCompile>
    <ClCompile Include="GameWorld.cpp">
      <Filter>Source\Game</Filter>
    </ClCompile>
    <ClCompile Include="Player.cpp">
      <Filter>Source\Game</Filter>
    </ClCompile>
    <ClCompile Include="stdafx.cpp">
      <Filter>Source\Misc</Filter>
    </ClCompile>
    <ClCompile Include="main.cpp">
      <Filter>Source\Game</Filter>
    </ClCompile>
    <ClCompile Include="AnimatedSprite.cpp">
      <Filter>Source\Engine</Filter>
    </ClCompile>
    <ClCompile Include="FPSCounter.cpp">
      <Filter>Source\Engine</Filter>
    </ClCompile>
  </ItemGroup>
  <ItemGroup>
    <Text Include="ReadMe.txt" />
  </ItemGroup>
  <ItemGroup>
    <None Include="Resources\shaders\test.vsh">
      <Filter>Resource Files\shaders</Filter>
    </None>
    <None Include="Resources\shaders\test.fsh">
      <Filter>Resource Files\shaders</Filter>
    </None>
  </ItemGroup>
</Project>